
Microsoft Visual Studio Solution File, Format Version 12.00
# Visual Studio 15
VisualStudioVersion = 15.0.26430.13
MinimumVisualStudioVersion = 10.0.40219.1
Project("{2150E333-8FDC-42A3-9474-1A3956D46DE8}") = "src", "src", "{A8CA5CFD-D1EB-4A02-B788-F0D17A572DDB}"
EndProject
Project("{FAE04EC0-301F-11D3-BF4B-00C04F79EFBC}") = "SwaggerSample.FunctionApp", "src\SwaggerSample.FunctionApp\SwaggerSample.FunctionApp.csproj", "{0F17D212-EA4D-4E0A-A6C4-915176D46257}"
EndProject
Global
	GlobalSection(SolutionConfigurationPlatforms) = preSolution
		Debug|Any CPU = Debug|Any CPU
		Release|Any CPU = Release|Any CPU
	EndGlobalSection
	GlobalSection(ProjectConfigurationPlatforms) = postSolution
		{0F17D212-EA4D-4E0A-A6C4-915176D46257}.Debug|Any CPU.ActiveCfg = Debug|Any CPU
		{0F17D212-EA4D-4E0A-A6C4-915176D46257}.Debug|Any CPU.Build.0 = Debug|Any CPU
		{0F17D212-EA4D-4E0A-A6C4-915176D46257}.Release|Any CPU.ActiveCfg = Release|Any CPU
		{0F17D212-EA4D-4E0A-A6C4-915176D46257}.Release|Any CPU.Build.0 = Release|Any CPU
	EndGlobalSection
	GlobalSection(SolutionProperties) = preSolution
		HideSolutionNode = FALSE
	EndGlobalSection
	GlobalSection(NestedProjects) = preSolution
		{0F17D212-EA4D-4E0A-A6C4-915176D46257} = {A8CA5CFD-D1EB-4A02-B788-F0D17A572DDB}
	EndGlobalSection
EndGlobal
